
Microsoft Visual Studio Solution File, Format Version 12.00
# Visual Studio 15
VisualStudioVersion = 15.0.27428.2027
MinimumVisualStudioVersion = 10.0.40219.1
Project("{A0786B88-2ADB-4C21-ABE8-AA2D79766269}") = "PHPWebProject0", "PHPWebProject0.phpproj", "{D30BAE4F-74ED-42D9-AD98-36DE74511BF3}"
EndProject
Global
	GlobalSection(SolutionConfigurationPlatforms) = preSolution
		Debug|Any CPU = Debug|Any CPU
		Release|Any CPU = Release|Any CPU
	EndGlobalSection
	GlobalSection(ProjectConfigurationPlatforms) = postSolution
		{D30BAE4F-74ED-42D9-AD98-36DE74511BF3}.Debug|Any CPU.ActiveCfg = Debug|Any CPU
		{D30BAE4F-74ED-42D9-AD98-36DE74511BF3}.Release|Any CPU.ActiveCfg = Release|Any CPU
	EndGlobalSection
	GlobalSection(SolutionProperties) = preSolution
		HideSolutionNode = FALSE
	EndGlobalSection
	GlobalSection(ExtensibilityGlobals) = postSolution
		SolutionGuid = {D3AAEECC-04AF-4B93-89BD-13457F253FDE}
	EndGlobalSection
EndGlobal
