
Microsoft Visual Studio Solution File, Format Version 12.00
# Visual Studio 15
VisualStudioVersion = 15.0.27428.2027
MinimumVisualStudioVersion = 10.0.40219.1
Project("{A0786B88-2ADB-4C21-ABE8-AA2D79766269}") = "PHPWebProject0", "PHPWebProject0.phpproj", "{931472BD-CE87-4922-ABD5-D8346639D02C}"
EndProject
Global
	GlobalSection(SolutionConfigurationPlatforms) = preSolution
		Debug|Any CPU = Debug|Any CPU
		Release|Any CPU = Release|Any CPU
	EndGlobalSection
	GlobalSection(ProjectConfigurationPlatforms) = postSolution
		{931472BD-CE87-4922-ABD5-D8346639D02C}.Debug|Any CPU.ActiveCfg = Debug|Any CPU
		{931472BD-CE87-4922-ABD5-D8346639D02C}.Release|Any CPU.ActiveCfg = Release|Any CPU
	EndGlobalSection
	GlobalSection(SolutionProperties) = preSolution
		HideSolutionNode = FALSE
	EndGlobalSection
	GlobalSection(ExtensibilityGlobals) = postSolution
		SolutionGuid = {E80612A8-7ADD-4887-8957-14476440FBD9}
	EndGlobalSection
EndGlobal
